{
	"name": "@cryptoeconomicslab/ovm-transpiler",
	"version": "0.2.12",
	"lockfileVersion": 1,
	"requires": true,
	"dependencies": {
		"@cryptoeconomicslab/coder": {
			"version": "0.0.36",
			"resolved": "https://registry.npmjs.org/@cryptoeconomicslab/coder/-/coder-0.0.36.tgz",
			"integrity": "sha512-qhGDR6bumjT7Zxjo6kP77OJGqQUen1g0LWvGO4269fHAExL+10WERJwVr/2wTEjRJM2V56flAEaK1OtyVv7YUg==",
			"requires": {
				"jsbi": "^3.1.1"
			}
		},
		"@cryptoeconomicslab/context": {
			"version": "0.0.36",
			"resolved": "https://registry.npmjs.org/@cryptoeconomicslab/context/-/context-0.0.36.tgz",
			"integrity": "sha512-TZEkSxp1NEFo1aTHzsncsxHtLglLDAqZSGuJirtSob/43zFHCa5LsuJTDRmTJ3T5hfzaLuShwvt+cLfPcGHF9w=="
		},
		"@cryptoeconomicslab/ovm-parser": {
			"version": "0.2.5",
			"resolved": "https://registry.npmjs.org/@cryptoeconomicslab/ovm-parser/-/ovm-parser-0.2.5.tgz",
			"integrity": "sha512-DitTaBTl4w9gBqmFs5Oxi2vcZnZFSllbdcTZkC3zuh+qXl76Y/xhcC8OYZIpLotU3f7lIM7tZzYjW9bsfdroBg==",
			"requires": {
				"pegjs": "^0.10.0",
				"tslib": "^1.10.0"
			}
		},
		"@cryptoeconomicslab/primitives": {
			"version": "0.0.36",
			"resolved": "https://registry.npmjs.org/@cryptoeconomicslab/primitives/-/primitives-0.0.36.tgz",
			"integrity": "sha512-3ZJ4aLFclFZUZr4+XfD1FpyqiKa666RK5IRU+0FKHZzZxKVWBuKb1q74iHEQ3OIl91BfLq+xTpSKqOIEK45P/w==",
			"dev": true,
			"requires": {
				"jsbi": "^3.1.1",
				"text-encoding": "^0.7.0"
			}
		},
		"jsbi": {
			"version": "3.1.2",
			"resolved": "https://registry.npmjs.org/jsbi/-/jsbi-3.1.2.tgz",
			"integrity": "sha512-5nDXo1X9QVaXK/Cpb5VECV9ss1QPbjUuk1qSruHB1PK/g39Sd414K4nci99ElFDZv0vzxDEnKn3o49/Tn9Yagw=="
		},
		"pegjs": {
			"version": "0.10.0",
			"resolved": "https://registry.npmjs.org/pegjs/-/pegjs-0.10.0.tgz",
			"integrity": "sha1-z4uvrm7d/0tafvsYUmnqr0YQ3b0="
		},
		"text-encoding": {
			"version": "0.7.0",
			"resolved": "https://registry.npmjs.org/text-encoding/-/text-encoding-0.7.0.tgz",
			"integrity": "sha512-oJQ3f1hrOnbRLOcwKz0Liq2IcrvDeZRHXhd9RgLrsT+DjWY/nty1Hi7v3dtkaEYbPYe0mUoOfzRrMwfXXwgPUA==",
			"dev": true
		},
		"tslib": {
			"version": "1.11.1",
			"resolved": "https://registry.npmjs.org/tslib/-/tslib-1.11.1.tgz",
			"integrity": "sha512-aZW88SY8kQbU7gpV19lN24LtXh/yD4ZZg6qieAJDDg+YBsJcSmLGK9QpnUjAKVG/xefmvJGd1WUmfpT/g6AJGA=="
		}
	}
}
