{
	"name": "@cryptoeconomicslab/ovm-generator",
	"version": "0.2.12",
	"lockfileVersion": 1,
	"requires": true,
	"dependencies": {
		"@cryptoeconomicslab/coder": {
			"version": "0.0.10",
			"resolved": "https://registry.npmjs.org/@cryptoeconomicslab/coder/-/coder-0.0.10.tgz",
			"integrity": "sha512-Joa3PX1ExMTC6lNOkKPLN2USZmoiM5ccPKI+AXS5etxdppFlYqI6Y847qV2y4z3WOtClQy6wcSv1zugt1i6Dfg=="
		},
		"@cryptoeconomicslab/context": {
			"version": "0.0.10",
			"resolved": "https://registry.npmjs.org/@cryptoeconomicslab/context/-/context-0.0.10.tgz",
			"integrity": "sha512-xDK0bmLam/TTlxtXw9JfeNRqvW9/Yrcx7efcalvURpEFgbonUFxK6s+u9J/a/e62qc2X9nYV+rrHikCOAEkYAQ=="
		},
		"@cryptoeconomicslab/ovm-parser": {
			"version": "0.2.5",
			"resolved": "https://registry.npmjs.org/@cryptoeconomicslab/ovm-parser/-/ovm-parser-0.2.5.tgz",
			"integrity": "sha512-DitTaBTl4w9gBqmFs5Oxi2vcZnZFSllbdcTZkC3zuh+qXl76Y/xhcC8OYZIpLotU3f7lIM7tZzYjW9bsfdroBg==",
			"requires": {
				"pegjs": "^0.10.0",
				"tslib": "^1.10.0"
			}
		},
		"@cryptoeconomicslab/ovm-transpiler": {
			"version": "0.2.10",
			"resolved": "https://registry.npmjs.org/@cryptoeconomicslab/ovm-transpiler/-/ovm-transpiler-0.2.10.tgz",
			"integrity": "sha512-BGwy8zSS9OOwA2J4SgY7I0+T/ZwBOllHZkPbNLomJgO60bkl8SdvVjH4C8JfIGivTrMIEgchXyr1lEDcFAUpFA==",
			"requires": {
				"@cryptoeconomicslab/coder": "0.0.10",
				"@cryptoeconomicslab/context": "0.0.10",
				"@cryptoeconomicslab/ovm-parser": "^0.2.5",
				"@cryptoeconomicslab/primitives": "0.0.10",
				"tslib": "^1.10.0"
			}
		},
		"@cryptoeconomicslab/primitives": {
			"version": "0.0.10",
			"resolved": "https://registry.npmjs.org/@cryptoeconomicslab/primitives/-/primitives-0.0.10.tgz",
			"integrity": "sha512-waxUoYWAve9CAqr12ZXAhQxzpDv7ly19j3WH3BzCaUpXE68FG7m5a1/h4UvPpEQp3BMnaFVQ09ACNVOBe3nxtg==",
			"requires": {
				"text-encoding": "^0.7.0"
			}
		},
		"pegjs": {
			"version": "0.10.0",
			"resolved": "https://registry.npmjs.org/pegjs/-/pegjs-0.10.0.tgz",
			"integrity": "sha1-z4uvrm7d/0tafvsYUmnqr0YQ3b0="
		},
		"text-encoding": {
			"version": "0.7.0",
			"resolved": "https://registry.npmjs.org/text-encoding/-/text-encoding-0.7.0.tgz",
			"integrity": "sha512-oJQ3f1hrOnbRLOcwKz0Liq2IcrvDeZRHXhd9RgLrsT+DjWY/nty1Hi7v3dtkaEYbPYe0mUoOfzRrMwfXXwgPUA=="
		},
		"tslib": {
			"version": "1.11.1",
			"resolved": "https://registry.npmjs.org/tslib/-/tslib-1.11.1.tgz",
			"integrity": "sha512-aZW88SY8kQbU7gpV19lN24LtXh/yD4ZZg6qieAJDDg+YBsJcSmLGK9QpnUjAKVG/xefmvJGd1WUmfpT/g6AJGA=="
		}
	}
}
